// !$*UTF8*$!
{
	archiveVersion = 1;
	classes = {
	};
	objectVersion = 46;
	objects = {

/* Begin PBXBuildFile section */
		7761236919E8B91900EA359D /* AppDelegate.swift in Sources */ = {isa = PBXBuildFile; fileRef = 7761236819E8B91900EA359D /* AppDelegate.swift */; };
		7761236B19E8B91900EA359D /* ViewController.swift in Sources */ = {isa = PBXBuildFile; fileRef = 7761236A19E8B91900EA359D /* ViewController.swift */; };
		7761236E19E8B91900EA359D /* Main.storyboard in Resources */ = {isa = PBXBuildFile; fileRef = 7761236C19E8B91900EA359D /* Main.storyboard */; };
		7761237019E8B91900EA359D /* Images.xcassets in Resources */ = {isa = PBXBuildFile; fileRef = 7761236F19E8B91900EA359D /* Images.xcassets */; };
		7761237C19E8B91900EA359D /* Swift_TableView_ExampleTests.swift in Sources */ = {isa = PBXBuildFile; fileRef = 7761237B19E8B91900EA359D /* Swift_TableView_ExampleTests.swift */; };
		77B85BCA19E99A7B005CB58F /* angry_birds_cake.jpg in Resources */ = {isa = PBXBuildFile; fileRef = 77B85BBA19E99A7B005CB58F /* angry_birds_cake.jpg */; };
		77B85BCB19E99A7B005CB58F /* creme_brelee.jpg in Resources */ = {isa = PBXBuildFile; fileRef = 77B85BBB19E99A7B005CB58F /* creme_brelee.jpg */; };
		77B85BCC19E99A7B005CB58F /* egg_benedict.jpg in Resources */ = {isa = PBXBuildFile; fileRef = 77B85BBC19E99A7B005CB58F /* egg_benedict.jpg */; };
		77B85BCD19E99A7B005CB58F /* full_breakfast.jpg in Resources */ = {isa = PBXBuildFile; fileRef = 77B85BBD19E99A7B005CB58F /* full_breakfast.jpg */; };
		77B85BCE19E99A7B005CB58F /* green_tea.jpg in Resources */ = {isa = PBXBuildFile; fileRef = 77B85BBE19E99A7B005CB58F /* green_tea.jpg */; };
		77B85BCF19E99A7B005CB58F /* ham_and_cheese_panini.jpg in Resources */ = {isa = PBXBuildFile; fileRef = 77B85BBF19E99A7B005CB58F /* ham_and_cheese_panini.jpg */; };
		77B85BD019E99A7B005CB58F /* ham_and_egg_sandwich.jpg in Resources */ = {isa = PBXBuildFile; fileRef = 77B85BC019E99A7B005CB58F /* ham_and_egg_sandwich.jpg */; };
		77B85BD119E99A7B005CB58F /* hamburger.jpg in Resources */ = {isa = PBXBuildFile; fileRef = 77B85BC119E99A7B005CB58F /* hamburger.jpg */; };
		77B85BD219E99A7B005CB58F /* instant_noodle_with_egg.jpg in Resources */ = {isa = PBXBuildFile; fileRef = 77B85BC219E99A7B005CB58F /* instant_noodle_with_egg.jpg */; };
		77B85BD319E99A7B005CB58F /* japanese_noodle_with_pork.jpg in Resources */ = {isa = PBXBuildFile; fileRef = 77B85BC319E99A7B005CB58F /* japanese_noodle_with_pork.jpg */; };
		77B85BD419E99A7B005CB58F /* mushroom_risotto.jpg in Resources */ = {isa = PBXBuildFile; fileRef = 77B85BC419E99A7B005CB58F /* mushroom_risotto.jpg */; };
		77B85BD519E99A7B005CB58F /* noodle_with_bbq_pork.jpg in Resources */ = {isa = PBXBuildFile; fileRef = 77B85BC519E99A7B005CB58F /* noodle_with_bbq_pork.jpg */; };
		77B85BD619E99A7B005CB58F /* starbucks_coffee.jpg in Resources */ = {isa = PBXBuildFile; fileRef = 77B85BC619E99A7B005CB58F /* starbucks_coffee.jpg */; };
		77B85BD719E99A7B005CB58F /* thai_shrimp_cake.jpg in Resources */ = {isa = PBXBuildFile; fileRef = 77B85BC719E99A7B005CB58F /* thai_shrimp_cake.jpg */; };
		77B85BD819E99A7B005CB58F /* vegetable_curry.jpg in Resources */ = {isa = PBXBuildFile; fileRef = 77B85BC819E99A7B005CB58F /* vegetable_curry.jpg */; };
		77B85BD919E99A7B005CB58F /* white_chocolate_donut.jpg in Resources */ = {isa = PBXBuildFile; fileRef = 77B85BC919E99A7B005CB58F /* white_chocolate_donut.jpg */; };
/* End PBXBuildFile section */

/* Begin PBXContainerItemProxy section */
		7761237619E8B91900EA359D /* PBXContainerItemProxy */ = {
			isa = PBXContainerItemProxy;
			containerPortal = 7761235B19E8B91800EA359D /* Project object */;
			proxyType = 1;
			remoteGlobalIDString = 7761236219E8B91800EA359D;
			remoteInfo = "Swift-TableView-Example";
		};
/* End PBXContainerItemProxy section */

/* Begin PBXFileReference section */
		7761236319E8B91900EA359D /* Swift-TableView-Example.app */ = {isa = PBXFileReference; explicitFileType = wrapper.application; includeInIndex = 0; path = "Swift-TableView-Example.app"; sourceTree = BUILT_PRODUCTS_DIR; };
		7761236719E8B91900EA359D /* Info.plist */ = {isa = PBXFileReference; lastKnownFileType = text.plist.xml; path = Info.plist; sourceTree = "<group>"; };
		7761236819E8B91900EA359D /* AppDelegate.swift */ = {isa = PBXFileReference; lastKnownFileType = sourcecode.swift; path = AppDelegate.swift; sourceTree = "<group>"; };
		7761236A19E8B91900EA359D /* ViewController.swift */ = {isa = PBXFileReference; lastKnownFileType = sourcecode.swift; path = ViewController.swift; sourceTree = "<group>"; };
		7761236D19E8B91900EA359D /* Base */ = {isa = PBXFileReference; lastKnownFileType = file.storyboard; name = Base; path = Base.lproj/Main.storyboard; sourceTree = "<group>"; };
		7761236F19E8B91900EA359D /* Images.xcassets */ = {isa = PBXFileReference; lastKnownFileType = folder.assetcatalog; path = Images.xcassets; sourceTree = "<group>"; };
		7761237519E8B91900EA359D /* Swift-TableView-ExampleTests.xctest */ = {isa = PBXFileReference; explicitFileType = wrapper.cfbundle; includeInIndex = 0; path = "Swift-TableView-ExampleTests.xctest"; sourceTree = BUILT_PRODUCTS_DIR; };
		7761237A19E8B91900EA359D /* Info.plist */ = {isa = PBXFileReference; lastKnownFileType = text.plist.xml; path = Info.plist; sourceTree = "<group>"; };
		7761237B19E8B91900EA359D /* Swift_TableView_ExampleTests.swift */ = {isa = PBXFileReference; lastKnownFileType = sourcecode.swift; path = Swift_TableView_ExampleTests.swift; sourceTree = "<group>"; };
		77B85BBA19E99A7B005CB58F /* angry_birds_cake.jpg */ = {isa = PBXFileReference; lastKnownFileType = image.jpeg; name = angry_birds_cake.jpg; path = Images/angry_birds_cake.jpg; sourceTree = "<group>"; };
		77B85BBB19E99A7B005CB58F /* creme_brelee.jpg */ = {isa = PBXFileReference; lastKnownFileType = image.jpeg; name = creme_brelee.jpg; path = Images/creme_brelee.jpg; sourceTree = "<group>"; };
		77B85BBC19E99A7B005CB58F /* egg_benedict.jpg */ = {isa = PBXFileReference; lastKnownFileType = image.jpeg; name = egg_benedict.jpg; path = Images/egg_benedict.jpg; sourceTree = "<group>"; };
		77B85BBD19E99A7B005CB58F /* full_breakfast.jpg */ = {isa = PBXFileReference; lastKnownFileType = image.jpeg; name = full_breakfast.jpg; path = Images/full_breakfast.jpg; sourceTree = "<group>"; };
		77B85BBE19E99A7B005CB58F /* green_tea.jpg */ = {isa = PBXFileReference; lastKnownFileType = image.jpeg; name = green_tea.jpg; path = Images/green_tea.jpg; sourceTree = "<group>"; };
		77B85BBF19E99A7B005CB58F /* ham_and_cheese_panini.jpg */ = {isa = PBXFileReference; lastKnownFileType = image.jpeg; name = ham_and_cheese_panini.jpg; path = Images/ham_and_cheese_panini.jpg; sourceTree = "<group>"; };
		77B85BC019E99A7B005CB58F /* ham_and_egg_sandwich.jpg */ = {isa = PBXFileReference; lastKnownFileType = image.jpeg; name = ham_and_egg_sandwich.jpg; path = Images/ham_and_egg_sandwich.jpg; sourceTree = "<group>"; };
		77B85BC119E99A7B005CB58F /* hamburger.jpg */ = {isa = PBXFileReference; lastKnownFileType = image.jpeg; name = hamburger.jpg; path = Images/hamburger.jpg; sourceTree = "<group>"; };
		77B85BC219E99A7B005CB58F /* instant_noodle_with_egg.jpg */ = {isa = PBXFileReference; lastKnownFileType = image.jpeg; name = instant_noodle_with_egg.jpg; path = Images/instant_noodle_with_egg.jpg; sourceTree = "<group>"; };
		77B85BC319E99A7B005CB58F /* japanese_noodle_with_pork.jpg */ = {isa = PBXFileReference; lastKnownFileType = image.jpeg; name = japanese_noodle_with_pork.jpg; path = Images/japanese_noodle_with_pork.jpg; sourceTree = "<group>"; };
		77B85BC419E99A7B005CB58F /* mushroom_risotto.jpg */ = {isa = PBXFileReference; lastKnownFileType = image.jpeg; name = mushroom_risotto.jpg; path = Images/mushroom_risotto.jpg; sourceTree = "<group>"; };
		77B85BC519E99A7B005CB58F /* noodle_with_bbq_pork.jpg */ = {isa = PBXFileReference; lastKnownFileType = image.jpeg; name = noodle_with_bbq_pork.jpg; path = Images/noodle_with_bbq_pork.jpg; sourceTree = "<group>"; };
		77B85BC619E99A7B005CB58F /* starbucks_coffee.jpg */ = {isa = PBXFileReference; lastKnownFileType = image.jpeg; name = starbucks_coffee.jpg; path = Images/starbucks_coffee.jpg; sourceTree = "<group>"; };
		77B85BC719E99A7B005CB58F /* thai_shrimp_cake.jpg */ = {isa = PBXFileReference; lastKnownFileType = image.jpeg; name = thai_shrimp_cake.jpg; path = Images/thai_shrimp_cake.jpg; sourceTree = "<group>"; };
		77B85BC819E99A7B005CB58F /* vegetable_curry.jpg */ = {isa = PBXFileReference; lastKnownFileType = image.jpeg; name = vegetable_curry.jpg; path = Images/vegetable_curry.jpg; sourceTree = "<group>"; };
		77B85BC919E99A7B005CB58F /* white_chocolate_donut.jpg */ = {isa = PBXFileReference; lastKnownFileType = image.jpeg; name = white_chocolate_donut.jpg; path = Images/white_chocolate_donut.jpg; sourceTree = "<group>"; };
/* End PBXFileReference section */

/* Begin PBXFrameworksBuildPhase section */
		7761236019E8B91800EA359D /* Frameworks */ = {
			isa = PBXFrameworksBuildPhase;
			buildActionMask = 2147483647;
			files = (
			);
			runOnlyForDeploymentPostprocessing = 0;
		};
		7761237219E8B91900EA359D /* Frameworks */ = {
			isa = PBXFrameworksBuildPhase;
			buildActionMask = 2147483647;
			files = (
			);
			runOnlyForDeploymentPostprocessing = 0;
		};
/* End PBXFrameworksBuildPhase section */

/* Begin PBXGroup section */
		7761235A19E8B91800EA359D = {
			isa = PBXGroup;
			children = (
				7761236519E8B91900EA359D /* Swift-TableView-Example */,
				7761237819E8B91900EA359D /* Swift-TableView-ExampleTests */,
				7761236419E8B91900EA359D /* Products */,
			);
			sourceTree = "<group>";
		};
		7761236419E8B91900EA359D /* Products */ = {
			isa = PBXGroup;
			children = (
				7761236319E8B91900EA359D /* Swift-TableView-Example.app */,
				7761237519E8B91900EA359D /* Swift-TableView-ExampleTests.xctest */,
			);
			name = Products;
			sourceTree = "<group>";
		};
		7761236519E8B91900EA359D /* Swift-TableView-Example */ = {
			isa = PBXGroup;
			children = (
				7761236819E8B91900EA359D /* AppDelegate.swift */,
				7761236A19E8B91900EA359D /* ViewController.swift */,
				7761236C19E8B91900EA359D /* Main.storyboard */,
				7761236F19E8B91900EA359D /* Images.xcassets */,
				7761236619E8B91900EA359D /* Supporting Files */,
			);
			path = "Swift-TableView-Example";
			sourceTree = "<group>";
		};
		7761236619E8B91900EA359D /* Supporting Files */ = {
			isa = PBXGroup;
			children = (
				77B85B9919E98869005CB58F /* Images */,
				7761236719E8B91900EA359D /* Info.plist */,
			);
			name = "Supporting Files";
			sourceTree = "<group>";
		};
		7761237819E8B91900EA359D /* Swift-TableView-ExampleTests */ = {
			isa = PBXGroup;
			children = (
				7761237B19E8B91900EA359D /* Swift_TableView_ExampleTests.swift */,
				7761237919E8B91900EA359D /* Supporting Files */,
			);
			path = "Swift-TableView-ExampleTests";
			sourceTree = "<group>";
		};
		7761237919E8B91900EA359D /* Supporting Files */ = {
			isa = PBXGroup;
			children = (
				7761237A19E8B91900EA359D /* Info.plist */,
			);
			name = "Supporting Files";
			sourceTree = "<group>";
		};
		77B85B9919E98869005CB58F /* Images */ = {
			isa = PBXGroup;
			children = (
				77B85BBA19E99A7B005CB58F /* angry_birds_cake.jpg */,
				77B85BBB19E99A7B005CB58F /* creme_brelee.jpg */,
				77B85BBC19E99A7B005CB58F /* egg_benedict.jpg */,
				77B85BBD19E99A7B005CB58F /* full_breakfast.jpg */,
				77B85BBE19E99A7B005CB58F /* green_tea.jpg */,
				77B85BBF19E99A7B005CB58F /* ham_and_cheese_panini.jpg */,
				77B85BC019E99A7B005CB58F /* ham_and_egg_sandwich.jpg */,
				77B85BC119E99A7B005CB58F /* hamburger.jpg */,
				77B85BC219E99A7B005CB58F /* instant_noodle_with_egg.jpg */,
				77B85BC319E99A7B005CB58F /* japanese_noodle_with_pork.jpg */,
				77B85BC419E99A7B005CB58F /* mushroom_risotto.jpg */,
				77B85BC519E99A7B005CB58F /* noodle_with_bbq_pork.jpg */,
				77B85BC619E99A7B005CB58F /* starbucks_coffee.jpg */,
				77B85BC719E99A7B005CB58F /* thai_shrimp_cake.jpg */,
				77B85BC819E99A7B005CB58F /* vegetable_curry.jpg */,
				77B85BC919E99A7B005CB58F /* white_chocolate_donut.jpg */,
			);
			name = Images;
			sourceTree = "<group>";
		};
/* End PBXGroup section */

/* Begin PBXNativeTarget section */
		7761236219E8B91800EA359D /* Swift-TableView-Example */ = {
			isa = PBXNativeTarget;
			buildConfigurationList = 7761237F19E8B91900EA359D /* Build configuration list for PBXNativeTarget "Swift-TableView-Example" */;
			buildPhases = (
				7761235F19E8B91800EA359D /* Sources */,
				7761236019E8B91800EA359D /* Frameworks */,
				7761236119E8B91800EA359D /* Resources */,
			);
			buildRules = (
			);
			dependencies = (
			);
			name = "Swift-TableView-Example";
			productName = "Swift-TableView-Example";
			productReference = 7761236319E8B91900EA359D /* Swift-TableView-Example.app */;
			productType = "com.apple.product-type.application";
		};
		7761237419E8B91900EA359D /* Swift-TableView-ExampleTests */ = {
			isa = PBXNativeTarget;
			buildConfigurationList = 7761238219E8B91900EA359D /* Build configuration list for PBXNativeTarget "Swift-TableView-ExampleTests" */;
			buildPhases = (
				7761237119E8B91900EA359D /* Sources */,
				7761237219E8B91900EA359D /* Frameworks */,
				7761237319E8B91900EA359D /* Resources */,
			);
			buildRules = (
			);
			dependencies = (
				7761237719E8B91900EA359D /* PBXTargetDependency */,
			);
			name = "Swift-TableView-ExampleTests";
			productName = "Swift-TableView-ExampleTests";
			productReference = 7761237519E8B91900EA359D /* Swift-TableView-ExampleTests.xctest */;
			productType = "com.apple.product-type.bundle.unit-test";
		};
/* End PBXNativeTarget section */

/* Begin PBXProject section */
		7761235B19E8B91800EA359D /* Project object */ = {
			isa = PBXProject;
			attributes = {
				LastUpgradeCheck = 0600;
				ORGANIZATIONNAME = "Bilal ARSLAN";
				TargetAttributes = {
					7761236219E8B91800EA359D = {
						CreatedOnToolsVersion = 6.0;
					};
					7761237419E8B91900EA359D = {
						CreatedOnToolsVersion = 6.0;
						TestTargetID = 7761236219E8B91800EA359D;
					};
				};
			};
			buildConfigurationList = 7761235E19E8B91800EA359D /* Build configuration list for PBXProject "Swift-TableView-Example" */;
			compatibilityVersion = "Xcode 3.2";
			developmentRegion = English;
			hasScannedForEncodings = 0;
			knownRegions = (
				en,
				Base,
			);
			mainGroup = 7761235A19E8B91800EA359D;
			productRefGroup = 7761236419E8B91900EA359D /* Products */;
			projectDirPath = "";
			projectRoot = "";
			targets = (
				7761236219E8B91800EA359D /* Swift-TableView-Example */,
				7761237419E8B91900EA359D /* Swift-TableView-ExampleTests */,
			);
		};
/* End PBXProject section */

/* Begin PBXResourcesBuildPhase section */
		7761236119E8B91800EA359D /* Resources */ = {
			isa = PBXResourcesBuildPhase;
			buildActionMask = 2147483647;
			files = (
				77B85BD619E99A7B005CB58F /* starbucks_coffee.jpg in Resources */,
				77B85BCE19E99A7B005CB58F /* green_tea.jpg in Resources */,
				7761236E19E8B91900EA359D /* Main.storyboard in Resources */,
				77B85BD519E99A7B005CB58F /* noodle_with_bbq_pork.jpg in Resources */,
				77B85BCF19E99A7B005CB58F /* ham_and_cheese_panini.jpg in Resources */,
				77B85BD219E99A7B005CB58F /* instant_noodle_with_egg.jpg in Resources */,
				77B85BCC19E99A7B005CB58F /* egg_benedict.jpg in Resources */,
				77B85BD019E99A7B005CB58F /* ham_and_egg_sandwich.jpg in Resources */,
				77B85BD819E99A7B005CB58F /* vegetable_curry.jpg in Resources */,
				77B85BCD19E99A7B005CB58F /* full_breakfast.jpg in Resources */,
				77B85BCB19E99A7B005CB58F /* creme_brelee.jpg in Resources */,
				77B85BD919E99A7B005CB58F /* white_chocolate_donut.jpg in Resources */,
				77B85BD419E99A7B005CB58F /* mushroom_risotto.jpg in Resources */,
				7761237019E8B91900EA359D /* Images.xcassets in Resources */,
				77B85BD319E99A7B005CB58F /* japanese_noodle_with_pork.jpg in Resources */,
				77B85BCA19E99A7B005CB58F /* angry_birds_cake.jpg in Resources */,
				77B85BD719E99A7B005CB58F /* thai_shrimp_cake.jpg in Resources */,
				77B85BD119E99A7B005CB58F /* hamburger.jpg in Resources */,
			);
			runOnlyForDeploymentPostprocessing = 0;
		};
		7761237319E8B91900EA359D /* Resources */ = {
			isa = PBXResourcesBuildPhase;
			buildActionMask = 2147483647;
			files = (
			);
			runOnlyForDeploymentPostprocessing = 0;
		};
/* End PBXResourcesBuildPhase section */

/* Begin PBXSourcesBuildPhase section */
		7761235F19E8B91800EA359D /* Sources */ = {
			isa = PBXSourcesBuildPhase;
			buildActionMask = 2147483647;
			files = (
				7761236B19E8B91900EA359D /* ViewController.swift in Sources */,
				7761236919E8B91900EA359D /* AppDelegate.swift in Sources */,
			);
			runOnlyForDeploymentPostprocessing = 0;
		};
		7761237119E8B91900EA359D /* Sources */ = {
			isa = PBXSourcesBuildPhase;
			buildActionMask = 2147483647;
			files = (
				7761237C19E8B91900EA359D /* Swift_TableView_ExampleTests.swift in Sources */,
			);
			runOnlyForDeploymentPostprocessing = 0;
		};
/* End PBXSourcesBuildPhase section */

/* Begin PBXTargetDependency section */
		7761237719E8B91900EA359D /* PBXTargetDependency */ = {
			isa = PBXTargetDependency;
			target = 7761236219E8B91800EA359D /* Swift-TableView-Example */;
			targetProxy = 7761237619E8B91900EA359D /* PBXContainerItemProxy */;
		};
/* End PBXTargetDependency section */

/* Begin PBXVariantGroup section */
		7761236C19E8B91900EA359D /* Main.storyboard */ = {
			isa = PBXVariantGroup;
			children = (
				7761236D19E8B91900EA359D /* Base */,
			);
			name = Main.storyboard;
			sourceTree = "<group>";
		};
/* End PBXVariantGroup section */

/* Begin XCBuildConfiguration section */
		7761237D19E8B91900EA359D /* Debug */ = {
			isa = XCBuildConfiguration;
			buildSettings = {
				ALWAYS_SEARCH_USER_PATHS = NO;
				CLANG_CXX_LANGUAGE_STANDARD = "gnu++0x";
				CLANG_CXX_LIBRARY = "libc++";
				CLANG_ENABLE_MODULES = YES;
				CLANG_ENABLE_OBJC_ARC = YES;
				CLANG_WARN_BOOL_CONVERSION = YES;
				CLANG_WARN_CONSTANT_CONVERSION = YES;
				CLANG_WARN_DIRECT_OBJC_ISA_USAGE = YES_ERROR;
				CLANG_WARN_EMPTY_BODY = YES;
				CLANG_WARN_ENUM_CONVERSION = YES;
				CLANG_WARN_INT_CONVERSION = YES;
				CLANG_WARN_OBJC_ROOT_CLASS = YES_ERROR;
				CLANG_WARN_UNREACHABLE_CODE = YES;
				CLANG_WARN__DUPLICATE_METHOD_MATCH = YES;
				"CODE_SIGN_IDENTITY[sdk=iphoneos*]" = "iPhone Developer";
				COPY_PHASE_STRIP = NO;
				ENABLE_STRICT_OBJC_MSGSEND = YES;
				GCC_C_LANGUAGE_STANDARD = gnu99;
				GCC_DYNAMIC_NO_PIC = NO;
				GCC_OPTIMIZATION_LEVEL = 0;
				GCC_PREPROCESSOR_DEFINITIONS = (
					"DEBUG=1",
					"$(inherited)",
				);
				GCC_SYMBOLS_PRIVATE_EXTERN = NO;
				GCC_WARN_64_TO_32_BIT_CONVERSION = YES;
				GCC_WARN_ABOUT_RETURN_TYPE = YES_ERROR;
				GCC_WARN_UNDECLARED_SELECTOR = YES;
				GCC_WARN_UNINITIALIZED_AUTOS = YES_AGGRESSIVE;
				GCC_WARN_UNUSED_FUNCTION = YES;
				GCC_WARN_UNUSED_VARIABLE = YES;
				IPHONEOS_DEPLOYMENT_TARGET = 8.0;
				MTL_ENABLE_DEBUG_INFO = YES;
				ONLY_ACTIVE_ARCH = YES;
				SDKROOT = iphoneos;
				SWIFT_OPTIMIZATION_LEVEL = "-Onone";
			};
			name = Debug;
		};
		7761237E19E8B91900EA359D /* Release */ = {
			isa = XCBuildConfiguration;
			buildSettings = {
				ALWAYS_SEARCH_USER_PATHS = NO;
				CLANG_CXX_LANGUAGE_STANDARD = "gnu++0x";
				CLANG_CXX_LIBRARY = "libc++";
				CLANG_ENABLE_MODULES = YES;
				CLANG_ENABLE_OBJC_ARC = YES;
				CLANG_WARN_BOOL_CONVERSION = YES;
				CLANG_WARN_CONSTANT_CONVERSION = YES;
				CLANG_WARN_DIRECT_OBJC_ISA_USAGE = YES_ERROR;
				CLANG_WARN_EMPTY_BODY = YES;
				CLANG_WARN_ENUM_CONVERSION = YES;
				CLANG_WARN_INT_CONVERSION = YES;
				CLANG_WARN_OBJC_ROOT_CLASS = YES_ERROR;
				CLANG_WARN_UNREACHABLE_CODE = YES;
				CLANG_WARN__DUPLICATE_METHOD_MATCH = YES;
				"CODE_SIGN_IDENTITY[sdk=iphoneos*]" = "iPhone Developer";
				COPY_PHASE_STRIP = YES;
				ENABLE_NS_ASSERTIONS = NO;
				ENABLE_STRICT_OBJC_MSGSEND = YES;
				GCC_C_LANGUAGE_STANDARD = gnu99;
				GCC_WARN_64_TO_32_BIT_CONVERSION = YES;
				GCC_WARN_ABOUT_RETURN_TYPE = YES_ERROR;
				GCC_WARN_UNDECLARED_SELECTOR = YES;
				GCC_WARN_UNINITIALIZED_AUTOS = YES_AGGRESSIVE;
				GCC_WARN_UNUSED_FUNCTION = YES;
				GCC_WARN_UNUSED_VARIABLE = YES;
				IPHONEOS_DEPLOYMENT_TARGET = 8.0;
				MTL_ENABLE_DEBUG_INFO = NO;
				SDKROOT = iphoneos;
				VALIDATE_PRODUCT = YES;
			};
			name = Release;
		};
		7761238019E8B91900EA359D /* Debug */ = {
			isa = XCBuildConfiguration;
			buildSettings = {
				ASSETCATALOG_COMPILER_APPICON_NAME = AppIcon;
				ASSETCATALOG_COMPILER_LAUNCHIMAGE_NAME = LaunchImage;
				INFOPLIST_FILE = "Swift-TableView-Example/Info.plist";
				LD_RUNPATH_SEARCH_PATHS = "$(inherited) @executable_path/Frameworks";
				PRODUCT_NAME = "$(TARGET_NAME)";
			};
			name = Debug;
		};
		7761238119E8B91900EA359D /* Release */ = {
			isa = XCBuildConfiguration;
			buildSettings = {
				ASSETCATALOG_COMPILER_APPICON_NAME = AppIcon;
				ASSETCATALOG_COMPILER_LAUNCHIMAGE_NAME = LaunchImage;
				INFOPLIST_FILE = "Swift-TableView-Example/Info.plist";
				LD_RUNPATH_SEARCH_PATHS = "$(inherited) @executable_path/Frameworks";
				PRODUCT_NAME = "$(TARGET_NAME)";
			};
			name = Release;
		};
		7761238319E8B91900EA359D /* Debug */ = {
			isa = XCBuildConfiguration;
			buildSettings = {
				BUNDLE_LOADER = "$(TEST_HOST)";
				FRAMEWORK_SEARCH_PATHS = (
					"$(SDKROOT)/Developer/Library/Frameworks",
					"$(inherited)",
				);
				GCC_PREPROCESSOR_DEFINITIONS = (
					"DEBUG=1",
					"$(inherited)",
				);
				INFOPLIST_FILE = "Swift-TableView-ExampleTests/Info.plist";
				LD_RUNPATH_SEARCH_PATHS = "$(inherited) @executable_path/Frameworks @loader_path/Frameworks";
				PRODUCT_NAME = "$(TARGET_NAME)";
				TEST_HOST = "$(BUILT_PRODUCTS_DIR)/Swift-TableView-Example.app/Swift-TableView-Example";
			};
			name = Debug;
		};
		7761238419E8B91900EA359D /* Release */ = {
			isa = XCBuildConfiguration;
			buildSettings = {
				BUNDLE_LOADER = "$(TEST_HOST)";
				FRAMEWORK_SEARCH_PATHS = (
					"$(SDKROOT)/Developer/Library/Frameworks",
					"$(inherited)",
				);
				INFOPLIST_FILE = "Swift-TableView-ExampleTests/Info.plist";
				LD_RUNPATH_SEARCH_PATHS = "$(inherited) @executable_path/Frameworks @loader_path/Frameworks";
				PRODUCT_NAME = "$(TARGET_NAME)";
				TEST_HOST = "$(BUILT_PRODUCTS_DIR)/Swift-TableView-Example.app/Swift-TableView-Example";
			};
			name = Release;
		};
/* End XCBuildConfiguration section */

/* Begin XCConfigurationList section */
		7761235E19E8B91800EA359D /* Build configuration list for PBXProject "Swift-TableView-Example" */ = {
			isa = XCConfigurationList;
			buildConfigurations = (
				7761237D19E8B91900EA359D /* Debug */,
				7761237E19E8B91900EA359D /* Release */,
			);
			defaultConfigurationIsVisible = 0;
			defaultConfigurationName = Release;
		};
		7761237F19E8B91900EA359D /* Build configuration list for PBXNativeTarget "Swift-TableView-Example" */ = {
			isa = XCConfigurationList;
			buildConfigurations = (
				7761238019E8B91900EA359D /* Debug */,
				7761238119E8B91900EA359D /* Release */,
			);
			defaultConfigurationIsVisible = 0;
			defaultConfigurationName = Release;
		};
		7761238219E8B91900EA359D /* Build configuration list for PBXNativeTarget "Swift-TableView-ExampleTests" */ = {
			isa = XCConfigurationList;
			buildConfigurations = (
				7761238319E8B91900EA359D /* Debug */,
				7761238419E8B91900EA359D /* Release */,
			);
			defaultConfigurationIsVisible = 0;
			defaultConfigurationName = Release;
		};
/* End XCConfigurationList section */
	};
	rootObject = 7761235B19E8B91800EA359D /* Project object */;
}
