// !$*UTF8*$!
{
	archiveVersion = 1;
	classes = {
	};
	objectVersion = 46;
	objects = {

/* Begin PBXBuildFile section */
		0C8E332921D276CA009CBC9D /* Recipe.swift in Sources */ = {isa = PBXBuildFile; fileRef = 0C8E332821D276CA009CBC9D /* Recipe.swift */; };
		771637C31C832B18003AF113 /* RecipesTableViewController.swift in Sources */ = {isa = PBXBuildFile; fileRef = 771637C21C832B18003AF113 /* RecipesTableViewController.swift */; };
		771ED63E19E9EF87002F3A01 /* DetailViewController.swift in Sources */ = {isa = PBXBuildFile; fileRef = 771ED63D19E9EF87002F3A01 /* DetailViewController.swift */; };
		7761236919E8B91900EA359D /* AppDelegate.swift in Sources */ = {isa = PBXBuildFile; fileRef = 7761236819E8B91900EA359D /* AppDelegate.swift */; };
		7761236E19E8B91900EA359D /* Main.storyboard in Resources */ = {isa = PBXBuildFile; fileRef = 7761236C19E8B91900EA359D /* Main.storyboard */; };
		7761237019E8B91900EA359D /* Images.xcassets in Resources */ = {isa = PBXBuildFile; fileRef = 7761236F19E8B91900EA359D /* Images.xcassets */; };
		7761237C19E8B91900EA359D /* Swift_TableView_ExampleTests.swift in Sources */ = {isa = PBXBuildFile; fileRef = 7761237B19E8B91900EA359D /* Swift_TableView_ExampleTests.swift */; };
		777ED0661D6D04E700BE808E /* LaunchScreen.storyboard in Resources */ = {isa = PBXBuildFile; fileRef = 777ED0651D6D04E700BE808E /* LaunchScreen.storyboard */; };
		77B85BCA19E99A7B005CB58F /* angry_birds_cake.jpg in Resources */ = {isa = PBXBuildFile; fileRef = 77B85BBA19E99A7B005CB58F /* angry_birds_cake.jpg */; };
		77B85BCB19E99A7B005CB58F /* creme_brelee.jpg in Resources */ = {isa = PBXBuildFile; fileRef = 77B85BBB19E99A7B005CB58F /* creme_brelee.jpg */; };
		77B85BCC19E99A7B005CB58F /* egg_benedict.jpg in Resources */ = {isa = PBXBuildFile; fileRef = 77B85BBC19E99A7B005CB58F /* egg_benedict.jpg */; };
		77B85BCD19E99A7B005CB58F /* full_breakfast.jpg in Resources */ = {isa = PBXBuildFile; fileRef = 77B85BBD19E99A7B005CB58F /* full_breakfast.jpg */; };
		77B85BCE19E99A7B005CB58F /* green_tea.jpg in Resources */ = {isa = PBXBuildFile; fileRef = 77B85BBE19E99A7B005CB58F /* green_tea.jpg */; };
		77B85BCF19E99A7B005CB58F /* ham_and_cheese_panini.jpg in Resources */ = {isa = PBXBuildFile; fileRef = 77B85BBF19E99A7B005CB58F /* ham_and_cheese_panini.jpg */; };
		77B85BD019E99A7B005CB58F /* ham_and_egg_sandwich.jpg in Resources */ = {isa = PBXBuildFile; fileRef = 77B85BC019E99A7B005CB58F /* ham_and_egg_sandwich.jpg */; };
		77B85BD119E99A7B005CB58F /* hamburger.jpg in Resources */ = {isa = PBXBuildFile; fileRef = 77B85BC119E99A7B005CB58F /* hamburger.jpg */; };
		77B85BD219E99A7B005CB58F /* instant_noodle_with_egg.jpg in Resources */ = {isa = PBXBuildFile; fileRef = 77B85BC219E99A7B005CB58F /* instant_noodle_with_egg.jpg */; };
		77B85BD319E99A7B005CB58F /* japanese_noodle_with_pork.jpg in Resources */ = {isa = PBXBuildFile; fileRef = 77B85BC319E99A7B005CB58F /* japanese_noodle_with_pork.jpg */; };
		77B85BD419E99A7B005CB58F /* mushroom_risotto.jpg in Resources */ = {isa = PBXBuildFile; fileRef = 77B85BC419E99A7B005CB58F /* mushroom_risotto.jpg */; };
		77B85BD519E99A7B005CB58F /* noodle_with_bbq_pork.jpg in Resources */ = {isa = PBXBuildFile; fileRef = 77B85BC519E99A7B005CB58F /* noodle_with_bbq_pork.jpg */; };
		77B85BD619E99A7B005CB58F /* starbucks_coffee.jpg in Resources */ = {isa = PBXBuildFile; fileRef = 77B85BC619E99A7B005CB58F /* starbucks_coffee.jpg */; };
		77B85BD719E99A7B005CB58F /* thai_shrimp_cake.jpg in Resources */ = {isa = PBXBuildFile; fileRef = 77B85BC719E99A7B005CB58F /* thai_shrimp_cake.jpg */; };
		77B85BD819E99A7B005CB58F /* vegetable_curry.jpg in Resources */ = {isa = PBXBuildFile; fileRef = 77B85BC819E99A7B005CB58F /* vegetable_curry.jpg */; };
		77B85BD919E99A7B005CB58F /* white_chocolate_donut.jpg in Resources */ = {isa = PBXBuildFile; fileRef = 77B85BC919E99A7B005CB58F /* white_chocolate_donut.jpg */; };
		77B85BDD19E99C6E005CB58F /* TableCell.swift in Sources */ = {isa = PBXBuildFile; fileRef = 77B85BDC19E99C6E005CB58F /* TableCell.swift */; };
/* End PBXBuildFile section */

/* Begin PBXContainerItemProxy section */
		7761237619E8B91900EA359D /* PBXContainerItemProxy */ = {
			isa = PBXContainerItemProxy;
			containerPortal = 7761235B19E8B91800EA359D /* Project object */;
			proxyType = 1;
			remoteGlobalIDString = 7761236219E8B91800EA359D;
			remoteInfo = "Swift-TableView-Example";
		};
/* End PBXContainerItemProxy section */

/* Begin PBXFileReference section */
		0C8E332821D276CA009CBC9D /* Recipe.swift */ = {isa = PBXFileReference; lastKnownFileType = sourcecode.swift; path = Recipe.swift; sourceTree = "<group>"; };
		771637C21C832B18003AF113 /* RecipesTableViewController.swift */ = {isa = PBXFileReference; fileEncoding = 4; lastKnownFileType = sourcecode.swift; path = RecipesTableViewController.swift; sourceTree = "<group>"; };
		771ED63D19E9EF87002F3A01 /* DetailViewController.swift */ = {isa = PBXFileReference; fileEncoding = 4; lastKnownFileType = sourcecode.swift; path = DetailViewController.swift; sourceTree = "<group>"; };
		7761236319E8B91900EA359D /* TableView.app */ = {isa = PBXFileReference; explicitFileType = wrapper.application; includeInIndex = 0; path = TableView.app; sourceTree = BUILT_PRODUCTS_DIR; };
		7761236719E8B91900EA359D /* Info.plist */ = {isa = PBXFileReference; lastKnownFileType = text.plist.xml; path = Info.plist; sourceTree = "<group>"; };
		7761236819E8B91900EA359D /* AppDelegate.swift */ = {isa = PBXFileReference; lastKnownFileType = sourcecode.swift; path = AppDelegate.swift; sourceTree = "<group>"; };
		7761236D19E8B91900EA359D /* Base */ = {isa = PBXFileReference; lastKnownFileType = file.storyboard; name = Base; path = Base.lproj/Main.storyboard; sourceTree = "<group>"; };
		7761236F19E8B91900EA359D /* Images.xcassets */ = {isa = PBXFileReference; lastKnownFileType = folder.assetcatalog; path = Images.xcassets; sourceTree = "<group>"; };
		7761237519E8B91900EA359D /* TableViewTests.xctest */ = {isa = PBXFileReference; explicitFileType = wrapper.cfbundle; includeInIndex = 0; path = TableViewTests.xctest; sourceTree = BUILT_PRODUCTS_DIR; };
		7761237A19E8B91900EA359D /* Info.plist */ = {isa = PBXFileReference; lastKnownFileType = text.plist.xml; path = Info.plist; sourceTree = "<group>"; };
		7761237B19E8B91900EA359D /* Swift_TableView_ExampleTests.swift */ = {isa = PBXFileReference; lastKnownFileType = sourcecode.swift; path = Swift_TableView_ExampleTests.swift; sourceTree = "<group>"; };
		777ED0651D6D04E700BE808E /* LaunchScreen.storyboard */ = {isa = PBXFileReference; fileEncoding = 4; lastKnownFileType = file.storyboard; path = LaunchScreen.storyboard; sourceTree = "<group>"; };
		77B85BBA19E99A7B005CB58F /* angry_birds_cake.jpg */ = {isa = PBXFileReference; lastKnownFileType = image.jpeg; path = angry_birds_cake.jpg; sourceTree = "<group>"; };
		77B85BBB19E99A7B005CB58F /* creme_brelee.jpg */ = {isa = PBXFileReference; lastKnownFileType = image.jpeg; path = creme_brelee.jpg; sourceTree = "<group>"; };
		77B85BBC19E99A7B005CB58F /* egg_benedict.jpg */ = {isa = PBXFileReference; lastKnownFileType = image.jpeg; path = egg_benedict.jpg; sourceTree = "<group>"; };
		77B85BBD19E99A7B005CB58F /* full_breakfast.jpg */ = {isa = PBXFileReference; lastKnownFileType = image.jpeg; path = full_breakfast.jpg; sourceTree = "<group>"; };
		77B85BBE19E99A7B005CB58F /* green_tea.jpg */ = {isa = PBXFileReference; lastKnownFileType = image.jpeg; path = green_tea.jpg; sourceTree = "<group>"; };
		77B85BBF19E99A7B005CB58F /* ham_and_cheese_panini.jpg */ = {isa = PBXFileReference; lastKnownFileType = image.jpeg; path = ham_and_cheese_panini.jpg; sourceTree = "<group>"; };
		77B85BC019E99A7B005CB58F /* ham_and_egg_sandwich.jpg */ = {isa = PBXFileReference; lastKnownFileType = image.jpeg; path = ham_and_egg_sandwich.jpg; sourceTree = "<group>"; };
		77B85BC119E99A7B005CB58F /* hamburger.jpg */ = {isa = PBXFileReference; lastKnownFileType = image.jpeg; path = hamburger.jpg; sourceTree = "<group>"; };
		77B85BC219E99A7B005CB58F /* instant_noodle_with_egg.jpg */ = {isa = PBXFileReference; lastKnownFileType = image.jpeg; path = instant_noodle_with_egg.jpg; sourceTree = "<group>"; };
		77B85BC319E99A7B005CB58F /* japanese_noodle_with_pork.jpg */ = {isa = PBXFileReference; lastKnownFileType = image.jpeg; path = japanese_noodle_with_pork.jpg; sourceTree = "<group>"; };
		77B85BC419E99A7B005CB58F /* mushroom_risotto.jpg */ = {isa = PBXFileReference; lastKnownFileType = image.jpeg; path = mushroom_risotto.jpg; sourceTree = "<group>"; };
		77B85BC519E99A7B005CB58F /* noodle_with_bbq_pork.jpg */ = {isa = PBXFileReference; lastKnownFileType = image.jpeg; path = noodle_with_bbq_pork.jpg; sourceTree = "<group>"; };
		77B85BC619E99A7B005CB58F /* starbucks_coffee.jpg */ = {isa = PBXFileReference; lastKnownFileType = image.jpeg; path = starbucks_coffee.jpg; sourceTree = "<group>"; };
		77B85BC719E99A7B005CB58F /* thai_shrimp_cake.jpg */ = {isa = PBXFileReference; lastKnownFileType = image.jpeg; path = thai_shrimp_cake.jpg; sourceTree = "<group>"; };
		77B85BC819E99A7B005CB58F /* vegetable_curry.jpg */ = {isa = PBXFileReference; lastKnownFileType = image.jpeg; path = vegetable_curry.jpg; sourceTree = "<group>"; };
		77B85BC919E99A7B005CB58F /* white_chocolate_donut.jpg */ = {isa = PBXFileReference; lastKnownFileType = image.jpeg; path = white_chocolate_donut.jpg; sourceTree = "<group>"; };
		77B85BDC19E99C6E005CB58F /* TableCell.swift */ = {isa = PBXFileReference; fileEncoding = 4; lastKnownFileType = sourcecode.swift; path = TableCell.swift; sourceTree = "<group>"; };
/* End PBXFileReference section */

/* Begin PBXFrameworksBuildPhase section */
		7761236019E8B91800EA359D /* Frameworks */ = {
			isa = PBXFrameworksBuildPhase;
			buildActionMask = 2147483647;
			files = (
			);
			runOnlyForDeploymentPostprocessing = 0;
		};
		7761237219E8B91900EA359D /* Frameworks */ = {
			isa = PBXFrameworksBuildPhase;
			buildActionMask = 2147483647;
			files = (
			);
			runOnlyForDeploymentPostprocessing = 0;
		};
/* End PBXFrameworksBuildPhase section */

/* Begin PBXGroup section */
		0C8E332721D27691009CBC9D /* Model */ = {
			isa = PBXGroup;
			children = (
				0C8E332821D276CA009CBC9D /* Recipe.swift */,
			);
			path = Model;
			sourceTree = "<group>";
		};
		770D5F621B6775C90012AB79 /* Views */ = {
			isa = PBXGroup;
			children = (
				77B85BDC19E99C6E005CB58F /* TableCell.swift */,
			);
			path = Views;
			sourceTree = "<group>";
		};
		775298A0271781B3007C5E0B /* Scenes */ = {
			isa = PBXGroup;
			children = (
				771ED63D19E9EF87002F3A01 /* DetailViewController.swift */,
				771637C21C832B18003AF113 /* RecipesTableViewController.swift */,
			);
			path = Scenes;
			sourceTree = "<group>";
		};
		7761235A19E8B91800EA359D = {
			isa = PBXGroup;
			children = (
				7761236519E8B91900EA359D /* TableView */,
				7761237819E8B91900EA359D /* TableViewTests */,
				7761236419E8B91900EA359D /* Products */,
			);
			sourceTree = "<group>";
		};
		7761236419E8B91900EA359D /* Products */ = {
			isa = PBXGroup;
			children = (
				7761236319E8B91900EA359D /* TableView.app */,
				7761237519E8B91900EA359D /* TableViewTests.xctest */,
			);
			name = Products;
			sourceTree = "<group>";
		};
		7761236519E8B91900EA359D /* TableView */ = {
			isa = PBXGroup;
			children = (
				7761236819E8B91900EA359D /* AppDelegate.swift */,
				0C8E332721D27691009CBC9D /* Model */,
				770D5F621B6775C90012AB79 /* Views */,
				775298A0271781B3007C5E0B /* Scenes */,
				7761236619E8B91900EA359D /* Supporting Files */,
			);
			path = TableView;
			sourceTree = "<group>";
		};
		7761236619E8B91900EA359D /* Supporting Files */ = {
			isa = PBXGroup;
			children = (
				77B85B9919E98869005CB58F /* Images */,
				7761236F19E8B91900EA359D /* Images.xcassets */,
				7761236719E8B91900EA359D /* Info.plist */,
				777ED0651D6D04E700BE808E /* LaunchScreen.storyboard */,
				7761236C19E8B91900EA359D /* Main.storyboard */,
			);
			path = "Supporting Files";
			sourceTree = "<group>";
		};
		7761237819E8B91900EA359D /* TableViewTests */ = {
			isa = PBXGroup;
			children = (
				7761237919E8B91900EA359D /* Supporting Files */,
				7761237B19E8B91900EA359D /* Swift_TableView_ExampleTests.swift */,
			);
			path = TableViewTests;
			sourceTree = "<group>";
		};
		7761237919E8B91900EA359D /* Supporting Files */ = {
			isa = PBXGroup;
			children = (
				7761237A19E8B91900EA359D /* Info.plist */,
			);
			path = "Supporting Files";
			sourceTree = "<group>";
		};
		77B85B9919E98869005CB58F /* Images */ = {
			isa = PBXGroup;
			children = (
				77B85BBA19E99A7B005CB58F /* angry_birds_cake.jpg */,
				77B85BBB19E99A7B005CB58F /* creme_brelee.jpg */,
				77B85BBC19E99A7B005CB58F /* egg_benedict.jpg */,
				77B85BBD19E99A7B005CB58F /* full_breakfast.jpg */,
				77B85BBE19E99A7B005CB58F /* green_tea.jpg */,
				77B85BBF19E99A7B005CB58F /* ham_and_cheese_panini.jpg */,
				77B85BC019E99A7B005CB58F /* ham_and_egg_sandwich.jpg */,
				77B85BC119E99A7B005CB58F /* hamburger.jpg */,
				77B85BC219E99A7B005CB58F /* instant_noodle_with_egg.jpg */,
				77B85BC319E99A7B005CB58F /* japanese_noodle_with_pork.jpg */,
				77B85BC419E99A7B005CB58F /* mushroom_risotto.jpg */,
				77B85BC519E99A7B005CB58F /* noodle_with_bbq_pork.jpg */,
				77B85BC619E99A7B005CB58F /* starbucks_coffee.jpg */,
				77B85BC719E99A7B005CB58F /* thai_shrimp_cake.jpg */,
				77B85BC819E99A7B005CB58F /* vegetable_curry.jpg */,
				77B85BC919E99A7B005CB58F /* white_chocolate_donut.jpg */,
			);
			path = Images;
			sourceTree = "<group>";
		};
/* End PBXGroup section */

/* Begin PBXNativeTarget section */
		7761236219E8B91800EA359D /* TableView */ = {
			isa = PBXNativeTarget;
			buildConfigurationList = 7761237F19E8B91900EA359D /* Build configuration list for PBXNativeTarget "TableView" */;
			buildPhases = (
				7761235F19E8B91800EA359D /* Sources */,
				7761236019E8B91800EA359D /* Frameworks */,
				7761236119E8B91800EA359D /* Resources */,
			);
			buildRules = (
			);
			dependencies = (
			);
			name = TableView;
			productName = "Swift-TableView-Example";
			productReference = 7761236319E8B91900EA359D /* TableView.app */;
			productType = "com.apple.product-type.application";
		};
		7761237419E8B91900EA359D /* TableViewTests */ = {
			isa = PBXNativeTarget;
			buildConfigurationList = 7761238219E8B91900EA359D /* Build configuration list for PBXNativeTarget "TableViewTests" */;
			buildPhases = (
				7761237119E8B91900EA359D /* Sources */,
				7761237219E8B91900EA359D /* Frameworks */,
				7761237319E8B91900EA359D /* Resources */,
			);
			buildRules = (
			);
			dependencies = (
				7761237719E8B91900EA359D /* PBXTargetDependency */,
			);
			name = TableViewTests;
			productName = "Swift-TableView-ExampleTests";
			productReference = 7761237519E8B91900EA359D /* TableViewTests.xctest */;
			productType = "com.apple.product-type.bundle.unit-test";
		};
/* End PBXNativeTarget section */

/* Begin PBXProject section */
		7761235B19E8B91800EA359D /* Project object */ = {
			isa = PBXProject;
			attributes = {
				LastSwiftUpdateCheck = 0700;
				LastUpgradeCheck = 1300;
				ORGANIZATIONNAME = "Bilal ARSLAN";
				TargetAttributes = {
					7761236219E8B91800EA359D = {
						CreatedOnToolsVersion = 6.0;
						LastSwiftMigration = 1020;
						ProvisioningStyle = Manual;
					};
					7761237419E8B91900EA359D = {
						CreatedOnToolsVersion = 6.0;
						LastSwiftMigration = 1020;
						ProvisioningStyle = Manual;
						TestTargetID = 7761236219E8B91800EA359D;
					};
				};
			};
			buildConfigurationList = 7761235E19E8B91800EA359D /* Build configuration list for PBXProject "TableView" */;
			compatibilityVersion = "Xcode 3.2";
			developmentRegion = en;
			hasScannedForEncodings = 0;
			knownRegions = (
				en,
				Base,
			);
			mainGroup = 7761235A19E8B91800EA359D;
			productRefGroup = 7761236419E8B91900EA359D /* Products */;
			projectDirPath = "";
			projectRoot = "";
			targets = (
				7761236219E8B91800EA359D /* TableView */,
				7761237419E8B91900EA359D /* TableViewTests */,
			);
		};
/* End PBXProject section */

/* Begin PBXResourcesBuildPhase section */
		7761236119E8B91800EA359D /* Resources */ = {
			isa = PBXResourcesBuildPhase;
			buildActionMask = 2147483647;
			files = (
				77B85BD619E99A7B005CB58F /* starbucks_coffee.jpg in Resources */,
				77B85BCE19E99A7B005CB58F /* green_tea.jpg in Resources */,
				7761236E19E8B91900EA359D /* Main.storyboard in Resources */,
				77B85BD519E99A7B005CB58F /* noodle_with_bbq_pork.jpg in Resources */,
				77B85BCF19E99A7B005CB58F /* ham_and_cheese_panini.jpg in Resources */,
				77B85BD219E99A7B005CB58F /* instant_noodle_with_egg.jpg in Resources */,
				777ED0661D6D04E700BE808E /* LaunchScreen.storyboard in Resources */,
				77B85BCC19E99A7B005CB58F /* egg_benedict.jpg in Resources */,
				77B85BD019E99A7B005CB58F /* ham_and_egg_sandwich.jpg in Resources */,
				77B85BD819E99A7B005CB58F /* vegetable_curry.jpg in Resources */,
				77B85BCD19E99A7B005CB58F /* full_breakfast.jpg in Resources */,
				77B85BCB19E99A7B005CB58F /* creme_brelee.jpg in Resources */,
				77B85BD919E99A7B005CB58F /* white_chocolate_donut.jpg in Resources */,
				77B85BD419E99A7B005CB58F /* mushroom_risotto.jpg in Resources */,
				7761237019E8B91900EA359D /* Images.xcassets in Resources */,
				77B85BD319E99A7B005CB58F /* japanese_noodle_with_pork.jpg in Resources */,
				77B85BCA19E99A7B005CB58F /* angry_birds_cake.jpg in Resources */,
				77B85BD719E99A7B005CB58F /* thai_shrimp_cake.jpg in Resources */,
				77B85BD119E99A7B005CB58F /* hamburger.jpg in Resources */,
			);
			runOnlyForDeploymentPostprocessing = 0;
		};
		7761237319E8B91900EA359D /* Resources */ = {
			isa = PBXResourcesBuildPhase;
			buildActionMask = 2147483647;
			files = (
			);
			runOnlyForDeploymentPostprocessing = 0;
		};
/* End PBXResourcesBuildPhase section */

/* Begin PBXSourcesBuildPhase section */
		7761235F19E8B91800EA359D /* Sources */ = {
			isa = PBXSourcesBuildPhase;
			buildActionMask = 2147483647;
			files = (
				77B85BDD19E99C6E005CB58F /* TableCell.swift in Sources */,
				7761236919E8B91900EA359D /* AppDelegate.swift in Sources */,
				0C8E332921D276CA009CBC9D /* Recipe.swift in Sources */,
				771637C31C832B18003AF113 /* RecipesTableViewController.swift in Sources */,
				771ED63E19E9EF87002F3A01 /* DetailViewController.swift in Sources */,
			);
			runOnlyForDeploymentPostprocessing = 0;
		};
		7761237119E8B91900EA359D /* Sources */ = {
			isa = PBXSourcesBuildPhase;
			buildActionMask = 2147483647;
			files = (
				7761237C19E8B91900EA359D /* Swift_TableView_ExampleTests.swift in Sources */,
			);
			runOnlyForDeploymentPostprocessing = 0;
		};
/* End PBXSourcesBuildPhase section */

/* Begin PBXTargetDependency section */
		7761237719E8B91900EA359D /* PBXTargetDependency */ = {
			isa = PBXTargetDependency;
			target = 7761236219E8B91800EA359D /* TableView */;
			targetProxy = 7761237619E8B91900EA359D /* PBXContainerItemProxy */;
		};
/* End PBXTargetDependency section */

/* Begin PBXVariantGroup section */
		7761236C19E8B91900EA359D /* Main.storyboard */ = {
			isa = PBXVariantGroup;
			children = (
				7761236D19E8B91900EA359D /* Base */,
			);
			name = Main.storyboard;
			path = .;
			sourceTree = "<group>";
		};
/* End PBXVariantGroup section */

/* Begin XCBuildConfiguration section */
		7761237D19E8B91900EA359D /* Debug */ = {
			isa = XCBuildConfiguration;
			buildSettings = {
				ALWAYS_SEARCH_USER_PATHS = NO;
				CLANG_ANALYZER_LOCALIZABILITY_NONLOCALIZED = YES;
				CLANG_CXX_LANGUAGE_STANDARD = "gnu++0x";
				CLANG_CXX_LIBRARY = "libc++";
				CLANG_ENABLE_MODULES = YES;
				CLANG_ENABLE_OBJC_ARC = YES;
				CLANG_WARN_BLOCK_CAPTURE_AUTORELEASING = YES;
				CLANG_WARN_BOOL_CONVERSION = YES;
				CLANG_WARN_COMMA = YES;
				CLANG_WARN_CONSTANT_CONVERSION = YES;
				CLANG_WARN_DEPRECATED_OBJC_IMPLEMENTATIONS = YES;
				CLANG_WARN_DIRECT_OBJC_ISA_USAGE = YES_ERROR;
				CLANG_WARN_EMPTY_BODY = YES;
				CLANG_WARN_ENUM_CONVERSION = YES;
				CLANG_WARN_INFINITE_RECURSION = YES;
				CLANG_WARN_INT_CONVERSION = YES;
				CLANG_WARN_NON_LITERAL_NULL_CONVERSION = YES;
				CLANG_WARN_OBJC_IMPLICIT_RETAIN_SELF = YES;
				CLANG_WARN_OBJC_LITERAL_CONVERSION = YES;
				CLANG_WARN_OBJC_ROOT_CLASS = YES_ERROR;
				CLANG_WARN_QUOTED_INCLUDE_IN_FRAMEWORK_HEADER = YES;
				CLANG_WARN_RANGE_LOOP_ANALYSIS = YES;
				CLANG_WARN_STRICT_PROTOTYPES = YES;
				CLANG_WARN_SUSPICIOUS_MOVE = YES;
				CLANG_WARN_UNREACHABLE_CODE = YES;
				CLANG_WARN__DUPLICATE_METHOD_MATCH = YES;
				"CODE_SIGN_IDENTITY[sdk=iphoneos*]" = "iPhone Developer";
				COPY_PHASE_STRIP = NO;
				ENABLE_STRICT_OBJC_MSGSEND = YES;
				ENABLE_TESTABILITY = YES;
				GCC_C_LANGUAGE_STANDARD = gnu99;
				GCC_DYNAMIC_NO_PIC = NO;
				GCC_NO_COMMON_BLOCKS = YES;
				GCC_OPTIMIZATION_LEVEL = 0;
				GCC_PREPROCESSOR_DEFINITIONS = (
					"DEBUG=1",
					"$(inherited)",
				);
				GCC_SYMBOLS_PRIVATE_EXTERN = NO;
				GCC_WARN_64_TO_32_BIT_CONVERSION = YES;
				GCC_WARN_ABOUT_RETURN_TYPE = YES_ERROR;
				GCC_WARN_UNDECLARED_SELECTOR = YES;
				GCC_WARN_UNINITIALIZED_AUTOS = YES_AGGRESSIVE;
				GCC_WARN_UNUSED_FUNCTION = YES;
				GCC_WARN_UNUSED_VARIABLE = YES;
				IPHONEOS_DEPLOYMENT_TARGET = 12.0;
				MTL_ENABLE_DEBUG_INFO = YES;
				ONLY_ACTIVE_ARCH = YES;
				SDKROOT = iphoneos;
				SWIFT_OPTIMIZATION_LEVEL = "-Onone";
			};
			name = Debug;
		};
		7761237E19E8B91900EA359D /* Release */ = {
			isa = XCBuildConfiguration;
			buildSettings = {
				ALWAYS_SEARCH_USER_PATHS = NO;
				CLANG_ANALYZER_LOCALIZABILITY_NONLOCALIZED = YES;
				CLANG_CXX_LANGUAGE_STANDARD = "gnu++0x";
				CLANG_CXX_LIBRARY = "libc++";
				CLANG_ENABLE_MODULES = YES;
				CLANG_ENABLE_OBJC_ARC = YES;
				CLANG_WARN_BLOCK_CAPTURE_AUTORELEASING = YES;
				CLANG_WARN_BOOL_CONVERSION = YES;
				CLANG_WARN_COMMA = YES;
				CLANG_WARN_CONSTANT_CONVERSION = YES;
				CLANG_WARN_DEPRECATED_OBJC_IMPLEMENTATIONS = YES;
				CLANG_WARN_DIRECT_OBJC_ISA_USAGE = YES_ERROR;
				CLANG_WARN_EMPTY_BODY = YES;
				CLANG_WARN_ENUM_CONVERSION = YES;
				CLANG_WARN_INFINITE_RECURSION = YES;
				CLANG_WARN_INT_CONVERSION = YES;
				CLANG_WARN_NON_LITERAL_NULL_CONVERSION = YES;
				CLANG_WARN_OBJC_IMPLICIT_RETAIN_SELF = YES;
				CLANG_WARN_OBJC_LITERAL_CONVERSION = YES;
				CLANG_WARN_OBJC_ROOT_CLASS = YES_ERROR;
				CLANG_WARN_QUOTED_INCLUDE_IN_FRAMEWORK_HEADER = YES;
				CLANG_WARN_RANGE_LOOP_ANALYSIS = YES;
				CLANG_WARN_STRICT_PROTOTYPES = YES;
				CLANG_WARN_SUSPICIOUS_MOVE = YES;
				CLANG_WARN_UNREACHABLE_CODE = YES;
				CLANG_WARN__DUPLICATE_METHOD_MATCH = YES;
				"CODE_SIGN_IDENTITY[sdk=iphoneos*]" = "iPhone Developer";
				COPY_PHASE_STRIP = NO;
				ENABLE_NS_ASSERTIONS = NO;
				ENABLE_STRICT_OBJC_MSGSEND = YES;
				GCC_C_LANGUAGE_STANDARD = gnu99;
				GCC_NO_COMMON_BLOCKS = YES;
				GCC_WARN_64_TO_32_BIT_CONVERSION = YES;
				GCC_WARN_ABOUT_RETURN_TYPE = YES_ERROR;
				GCC_WARN_UNDECLARED_SELECTOR = YES;
				GCC_WARN_UNINITIALIZED_AUTOS = YES_AGGRESSIVE;
				GCC_WARN_UNUSED_FUNCTION = YES;
				GCC_WARN_UNUSED_VARIABLE = YES;
				IPHONEOS_DEPLOYMENT_TARGET = 12.0;
				MTL_ENABLE_DEBUG_INFO = NO;
				SDKROOT = iphoneos;
				SWIFT_OPTIMIZATION_LEVEL = "-Owholemodule";
				VALIDATE_PRODUCT = YES;
			};
			name = Release;
		};
		7761238019E8B91900EA359D /* Debug */ = {
			isa = XCBuildConfiguration;
			buildSettings = {
				ASSETCATALOG_COMPILER_APPICON_NAME = AppIcon;
				COPY_PHASE_STRIP = NO;
				DEVELOPMENT_TEAM = "";
				INFOPLIST_FILE = "$(SRCROOT)/TableView/Supporting Files/Info.plist";
				IPHONEOS_DEPLOYMENT_TARGET = 12.0;
				LD_RUNPATH_SEARCH_PATHS = "$(inherited) @executable_path/Frameworks";
				PRODUCT_BUNDLE_IDENTIFIER = "com.bilalarslan.$(PRODUCT_NAME:rfc1034identifier)";
				PRODUCT_NAME = TableView;
				SWIFT_VERSION = 5.0;
			};
			name = Debug;
		};
		7761238119E8B91900EA359D /* Release */ = {
			isa = XCBuildConfiguration;
			buildSettings = {
				ASSETCATALOG_COMPILER_APPICON_NAME = AppIcon;
				COPY_PHASE_STRIP = NO;
				DEVELOPMENT_TEAM = "";
				INFOPLIST_FILE = "$(SRCROOT)/TableView/Supporting Files/Info.plist";
				IPHONEOS_DEPLOYMENT_TARGET = 12.0;
				LD_RUNPATH_SEARCH_PATHS = "$(inherited) @executable_path/Frameworks";
				PRODUCT_BUNDLE_IDENTIFIER = "com.bilalarslan.$(PRODUCT_NAME:rfc1034identifier)";
				PRODUCT_NAME = TableView;
				SWIFT_VERSION = 5.0;
			};
			name = Release;
		};
		7761238319E8B91900EA359D /* Debug */ = {
			isa = XCBuildConfiguration;
			buildSettings = {
				BUNDLE_LOADER = "$(TEST_HOST)";
				CODE_SIGN_STYLE = Manual;
				DEVELOPMENT_TEAM = "";
				FRAMEWORK_SEARCH_PATHS = (
					"$(SDKROOT)/Developer/Library/Frameworks",
					"$(inherited)",
				);
				GCC_PREPROCESSOR_DEFINITIONS = (
					"DEBUG=1",
					"$(inherited)",
				);
				INFOPLIST_FILE = "TableViewTests/Supporting Files/Info.plist";
				LD_RUNPATH_SEARCH_PATHS = "$(inherited) @executable_path/Frameworks @loader_path/Frameworks";
				PRODUCT_BUNDLE_IDENTIFIER = "com.bilalarslan.$(PRODUCT_NAME:rfc1034identifier)";
				PRODUCT_NAME = "$(TARGET_NAME)";
				PROVISIONING_PROFILE_SPECIFIER = "";
				SWIFT_VERSION = 5.0;
				TEST_HOST = "$(BUILT_PRODUCTS_DIR)/TableView.app/TableView";
			};
			name = Debug;
		};
		7761238419E8B91900EA359D /* Release */ = {
			isa = XCBuildConfiguration;
			buildSettings = {
				BUNDLE_LOADER = "$(TEST_HOST)";
				CODE_SIGN_STYLE = Manual;
				DEVELOPMENT_TEAM = "";
				FRAMEWORK_SEARCH_PATHS = (
					"$(SDKROOT)/Developer/Library/Frameworks",
					"$(inherited)",
				);
				INFOPLIST_FILE = "TableViewTests/Supporting Files/Info.plist";
				LD_RUNPATH_SEARCH_PATHS = "$(inherited) @executable_path/Frameworks @loader_path/Frameworks";
				PRODUCT_BUNDLE_IDENTIFIER = "com.bilalarslan.$(PRODUCT_NAME:rfc1034identifier)";
				PRODUCT_NAME = "$(TARGET_NAME)";
				PROVISIONING_PROFILE_SPECIFIER = "";
				SWIFT_VERSION = 5.0;
				TEST_HOST = "$(BUILT_PRODUCTS_DIR)/TableView.app/TableView";
			};
			name = Release;
		};
/* End XCBuildConfiguration section */

/* Begin XCConfigurationList section */
		7761235E19E8B91800EA359D /* Build configuration list for PBXProject "TableView" */ = {
			isa = XCConfigurationList;
			buildConfigurations = (
				7761237D19E8B91900EA359D /* Debug */,
				7761237E19E8B91900EA359D /* Release */,
			);
			defaultConfigurationIsVisible = 0;
			defaultConfigurationName = Release;
		};
		7761237F19E8B91900EA359D /* Build configuration list for PBXNativeTarget "TableView" */ = {
			isa = XCConfigurationList;
			buildConfigurations = (
				7761238019E8B91900EA359D /* Debug */,
				7761238119E8B91900EA359D /* Release */,
			);
			defaultConfigurationIsVisible = 0;
			defaultConfigurationName = Release;
		};
		7761238219E8B91900EA359D /* Build configuration list for PBXNativeTarget "TableViewTests" */ = {
			isa = XCConfigurationList;
			buildConfigurations = (
				7761238319E8B91900EA359D /* Debug */,
				7761238419E8B91900EA359D /* Release */,
			);
			defaultConfigurationIsVisible = 0;
			defaultConfigurationName = Release;
		};
/* End XCConfigurationList section */
	};
	rootObject = 7761235B19E8B91800EA359D /* Project object */;
}
